
Microsoft Visual Studio Solution File, Format Version 12.00
# Visual Studio Version 16
VisualStudioVersion = 16.0.29215.179
MinimumVisualStudioVersion = 10.0.40219.1
Project("{FAE04EC0-301F-11D3-BF4B-00C04F79EFBC}") = "Bulk UFV Downloader", "Bulk UFV Downloader\Bulk UFV Downloader.csproj", "{015A68F8-409C-4DC9-BB8F-D1F21E4C38D1}"
EndProject
Global
	GlobalSection(SolutionConfigurationPlatforms) = preSolution
		Debug|Any CPU = Debug|Any CPU
		Release|Any CPU = Release|Any CPU
	EndGlobalSection
	GlobalSection(ProjectConfigurationPlatforms) = postSolution
		{015A68F8-409C-4DC9-BB8F-D1F21E4C38D1}.Debug|Any CPU.ActiveCfg = Debug|Any CPU
		{015A68F8-409C-4DC9-BB8F-D1F21E4C38D1}.Debug|Any CPU.Build.0 = Debug|Any CPU
		{015A68F8-409C-4DC9-BB8F-D1F21E4C38D1}.Release|Any CPU.ActiveCfg = Release|Any CPU
		{015A68F8-409C-4DC9-BB8F-D1F21E4C38D1}.Release|Any CPU.Build.0 = Release|Any CPU
	EndGlobalSection
	GlobalSection(SolutionProperties) = preSolution
		HideSolutionNode = FALSE
	EndGlobalSection
	GlobalSection(ExtensibilityGlobals) = postSolution
		SolutionGuid = {06A67D72-8CC1-4D76-A1BB-E917E3E0B4A6}
	EndGlobalSection
EndGlobal
